<?xml version="1.0" encoding="UTF-8" standalone="yes" ?>
<CodeBlocks_project_file>
	<FileVersion major="1" minor="6" />
	<Project>
		<Option title="kaktusz" />
		<Option pch_mode="2" />
		<Option compiler="gcc" />
		<Build>
			<Target title="Debug">
				<Option output="bin/Debug/kaktusz" prefix_auto="1" extension_auto="1" />
				<Option object_output="obj/Debug/" />
				<Option type="1" />
				<Option compiler="gcc" />
				<Compiler>
					<Add option="-g" />
					<Add option="-DNORMAL_MODE" />
				</Compiler>
			</Target>
			<Target title="Release">
				<Option output="bin/Release/kaktusz" prefix_auto="1" extension_auto="1" />
				<Option object_output="obj/Release/" />
				<Option type="1" />
				<Option compiler="gcc" />
				<Compiler>
					<Add option="-O2" />
				</Compiler>
				<Linker>
					<Add option="-s" />
				</Linker>
			</Target>
			<Target title="Debug test mode">
				<Option output="bin/DebugTest/kaktusz" prefix_auto="1" extension_auto="1" />
				<Option object_output="obj/DebugTest/" />
				<Option type="1" />
				<Option compiler="gcc" />
				<Compiler>
					<Add option="-g" />
				</Compiler>
			</Target>
		</Build>
		<Compiler>
			<Add option="-Wall" />
			<Add option="-fexceptions" />
		</Compiler>
		<Unit filename="inp.txt" />
		<Unit filename="inp0.txt" />
		<Unit filename="inp1.txt" />
		<Unit filename="inp2.txt" />
		<Unit filename="inp3.txt" />
		<Unit filename="inp4.txt" />
		<Unit filename="kaktusz.cbp" />
		<Unit filename="main.cpp" />
		<Unit filename="out.txt" />
		<Extensions>
			<code_completion />
			<envvars />
			<debugger />
		</Extensions>
	</Project>
</CodeBlocks_project_file>
